
Microsoft Visual Studio Solution File, Format Version 12.00
# Visual Studio Version 17
VisualStudioVersion = 17.14.36705.20 d17.14
MinimumVisualStudioVersion = 10.0.40219.1
Project("{FAE04EC0-301F-11D3-BF4B-00C04F79EFBC}") = "Cldv6212_RetailAppPartThree", "Cldv6212_RetailAppPartThree\Cldv6212_RetailAppPartThree.csproj", "{730F7A0F-660E-461B-96CD-523364A4B51B}"
EndProject
Global
	GlobalSection(SolutionConfigurationPlatforms) = preSolution
		Debug|Any CPU = Debug|Any CPU
		Release|Any CPU = Release|Any CPU
	EndGlobalSection
	GlobalSection(ProjectConfigurationPlatforms) = postSolution
		{730F7A0F-660E-461B-96CD-523364A4B51B}.Debug|Any CPU.ActiveCfg = Debug|Any CPU
		{730F7A0F-660E-461B-96CD-523364A4B51B}.Debug|Any CPU.Build.0 = Debug|Any CPU
		{730F7A0F-660E-461B-96CD-523364A4B51B}.Release|Any CPU.ActiveCfg = Release|Any CPU
		{730F7A0F-660E-461B-96CD-523364A4B51B}.Release|Any CPU.Build.0 = Release|Any CPU
	EndGlobalSection
	GlobalSection(SolutionProperties) = preSolution
		HideSolutionNode = FALSE
	EndGlobalSection
	GlobalSection(ExtensibilityGlobals) = postSolution
		SolutionGuid = {9D58C438-4E12-4FFC-BB56-F2A090E78D2E}
	EndGlobalSection
EndGlobal
